
Microsoft Visual Studio Solution File, Format Version 12.00
# Visual Studio Version 17
VisualStudioVersion = 17.11.35327.3
MinimumVisualStudioVersion = 10.0.40219.1
Project("{9A19103F-16F7-4668-BE54-9A1E7A4F7556}") = "ChezMeeksInventory", "ChezMeeksInventory\ChezMeeksInventory.csproj", "{7CFCD0CB-71DD-41EC-9B47-1CD040938D38}"
EndProject
Project("{9A19103F-16F7-4668-BE54-9A1E7A4F7556}") = "Common", "Common\Common.csproj", "{0075D871-F4DD-4189-946A-239D9BD70203}"
EndProject
Global
	GlobalSection(SolutionConfigurationPlatforms) = preSolution
		Debug|Any CPU = Debug|Any CPU
		Release|Any CPU = Release|Any CPU
	EndGlobalSection
	GlobalSection(ProjectConfigurationPlatforms) = postSolution
		{7CFCD0CB-71DD-41EC-9B47-1CD040938D38}.Debug|Any CPU.ActiveCfg = Debug|Any CPU
		{7CFCD0CB-71DD-41EC-9B47-1CD040938D38}.Debug|Any CPU.Build.0 = Debug|Any CPU
		{7CFCD0CB-71DD-41EC-9B47-1CD040938D38}.Debug|Any CPU.Deploy.0 = Debug|Any CPU
		{7CFCD0CB-71DD-41EC-9B47-1CD040938D38}.Release|Any CPU.ActiveCfg = Release|Any CPU
		{7CFCD0CB-71DD-41EC-9B47-1CD040938D38}.Release|Any CPU.Build.0 = Release|Any CPU
		{7CFCD0CB-71DD-41EC-9B47-1CD040938D38}.Release|Any CPU.Deploy.0 = Release|Any CPU
		{0075D871-F4DD-4189-946A-239D9BD70203}.Debug|Any CPU.ActiveCfg = Debug|Any CPU
		{0075D871-F4DD-4189-946A-239D9BD70203}.Debug|Any CPU.Build.0 = Debug|Any CPU
		{0075D871-F4DD-4189-946A-239D9BD70203}.Release|Any CPU.ActiveCfg = Release|Any CPU
		{0075D871-F4DD-4189-946A-239D9BD70203}.Release|Any CPU.Build.0 = Release|Any CPU
	EndGlobalSection
	GlobalSection(SolutionProperties) = preSolution
		HideSolutionNode = FALSE
	EndGlobalSection
	GlobalSection(ExtensibilityGlobals) = postSolution
		SolutionGuid = {E858522A-7DD9-4CE2-94B8-6CEC632C3495}
	EndGlobalSection
EndGlobal
